
Microsoft Visual Studio Solution File, Format Version 12.00
# Visual Studio Version 17
VisualStudioVersion = 17.3.32922.545
MinimumVisualStudioVersion = 10.0.40219.1
Project("{FAE04EC0-301F-11D3-BF4B-00C04F79EFBC}") = "Gaming_club", "Gaming_club\Gaming_club.csproj", "{0B503605-B829-4F6B-B2FA-12CF581879A7}"
EndProject
Global
	GlobalSection(SolutionConfigurationPlatforms) = preSolution
		Debug|Any CPU = Debug|Any CPU
		Release|Any CPU = Release|Any CPU
	EndGlobalSection
	GlobalSection(ProjectConfigurationPlatforms) = postSolution
		{0B503605-B829-4F6B-B2FA-12CF581879A7}.Debug|Any CPU.ActiveCfg = Debug|Any CPU
		{0B503605-B829-4F6B-B2FA-12CF581879A7}.Debug|Any CPU.Build.0 = Debug|Any CPU
		{0B503605-B829-4F6B-B2FA-12CF581879A7}.Release|Any CPU.ActiveCfg = Release|Any CPU
		{0B503605-B829-4F6B-B2FA-12CF581879A7}.Release|Any CPU.Build.0 = Release|Any CPU
	EndGlobalSection
	GlobalSection(SolutionProperties) = preSolution
		HideSolutionNode = FALSE
	EndGlobalSection
	GlobalSection(ExtensibilityGlobals) = postSolution
		SolutionGuid = {CFEA3068-C0F2-432F-87EA-6ABE04DD9962}
	EndGlobalSection
EndGlobal
